{
  "nodes": {
    "disko": {
      "inputs": {
        "nixpkgs": [
          "nixpkgs"
        ]
      },
      "locked": {
        "lastModified": 1781152676,
        "narHash": "sha256-RxWs5ND31KzTG7wvMM+PMfUjyNpmIEr999lqNARaM5o=",
        "owner": "nix-community",
        "repo": "disko",
        "rev": "ff8702b4de27f72b4c78573dfb89ec74e36abdf1",
        "type": "github"
      },
      "original": {
        "owner": "nix-community",
        "repo": "disko",
        "type": "github"
      }
    },
    "flake-compat": {
      "flake": false,
      "locked": {
        "lastModified": 1767039857,
        "narHash": "sha256-vNpUSpF5Nuw8xvDLj2KCwwksIbjua2LZCqhV1LNRDns=",
        "owner": "edolstra",
        "repo": "flake-compat",
        "rev": "5edf11c44bc78a0d334f6334cdaf7d60d732daab",
        "type": "github"
      },
      "original": {
        "owner": "edolstra",
        "repo": "flake-compat",
        "type": "github"
      }
    },
    "home-manager": {
      "inputs": {
        "nixpkgs": [
          "nixpkgs"
        ]
      },
      "locked": {
        "lastModified": 1781906751,
        "narHash": "sha256-6Ld1PqmptFtFKblE+SynhRgyBApUWcmrISetWqWHeeo=",
        "owner": "nix-community",
        "repo": "home-manager",
        "rev": "37f21dfa5d27e71b75bacd9418b156f9265e312e",
        "type": "github"
      },
      "original": {
        "owner": "nix-community",
        "repo": "home-manager",
        "type": "github"
      }
    },
    "musnix": {
      "inputs": {
        "nixpkgs": [
          "nixpkgs"
        ]
      },
      "locked": {
        "lastModified": 1777848538,
        "narHash": "sha256-Dj51C0NWsglqRrCpdmMr2nFiYacFOid1Tor4H9yG2HY=",
        "owner": "musnix",
        "repo": "musnix",
        "rev": "8548782f0d1d0928daa3fffde8a008f72219a3f3",
        "type": "github"
      },
      "original": {
        "owner": "musnix",
        "repo": "musnix",
        "type": "github"
      }
    },
    "nixos-wsl": {
      "inputs": {
        "flake-compat": "flake-compat",
        "nixpkgs": [
          "nixpkgs"
        ]
      },
      "locked": {
        "lastModified": 1781182279,
        "narHash": "sha256-V5EQQbDnmdiXGQXrEF1PEL7QYsFqfH8N1E89Z5ONwFk=",
        "owner": "nix-community",
        "repo": "NixOS-WSL",
        "rev": "5675822ba756e6e56f8f6a5a76e90e0da2ece94d",
        "type": "github"
      },
      "original": {
        "owner": "nix-community",
        "repo": "NixOS-WSL",
        "type": "github"
      }
    },
    "nixpkgs": {
      "locked": {
        "lastModified": 1781577229,
        "narHash": "sha256-lrp67w8AulE9Ks53n27I45ADSzbOCn4H+CNW1Ck8B+8=",
        "owner": "NixOS",
        "repo": "nixpkgs",
        "rev": "567a49d1913ce81ac6e9582e3553dd90a955875f",
        "type": "github"
      },
      "original": {
        "owner": "NixOS",
        "ref": "nixos-unstable",
        "repo": "nixpkgs",
        "type": "github"
      }
    },
    "quickshell": {
      "inputs": {
        "nixpkgs": [
          "nixpkgs"
        ]
      },
      "locked": {
        "lastModified": 1781847791,
        "narHash": "sha256-Mo2YtNEGlcySnbq0YuP3nUKMAQCMAfE+TcCffo5vzD8=",
        "ref": "refs/heads/master",
        "rev": "68c2c85c33845385f7ab8147b32f1450b1e468e0",
        "revCount": 824,
        "type": "git",
        "url": "https://git.outfoxxed.me/quickshell/quickshell"
      },
      "original": {
        "type": "git",
        "url": "https://git.outfoxxed.me/quickshell/quickshell"
      }
    },
    "root": {
      "inputs": {
        "disko": "disko",
        "home-manager": "home-manager",
        "musnix": "musnix",
        "nixos-wsl": "nixos-wsl",
        "nixpkgs": "nixpkgs",
        "quickshell": "quickshell"
      }
    }
  },
  "root": "root",
  "version": 7
}
